{
  "name": "demo",
  "version": "1.0.0",
  "lockfileVersion": 1,
  "requires": true,
  "dependencies": {
    "jq-carousel": {
      "version": "1.0.0",
      "resolved": "https://registry.npmjs.org/jq-carousel/-/jq-carousel-1.0.0.tgz",
      "integrity": "sha512-jmvRMVlUK16BhXN8bdkso48S1unBrlkN5GLtRzf/eH/1/xYsDyONmGlylQRAMNCB8PChqar1W9qxF/c3pRMTag=="
    },
    "mask-guide": {
      "version": "1.0.1",
      "resolved": "https://registry.npmjs.org/mask-guide/-/mask-guide-1.0.1.tgz",
      "integrity": "sha512-8MuL0DSdSqKZUV90W+SNemE9Czz6WHjUrLupZhdsE5eA9h8Ze8ZNW/D1X49kkSqvuj9pStM637KdVa3ilqeZug=="
    }
  }
}
